{
    "_readme": [
        "This file locks the dependencies of your project to a known state",
        "Read more about it at https://getcomposer.org/doc/01-basic-usage.md#installing-dependencies",
        "This file is @generated automatically"
    ],
    "content-hash": "b1203932e15953e813015a2edb99221e",
    "packages": [
        {
            "name": "firephp/firephp-core",
            "version": "v0.5.3",
            "source": {
                "type": "git",
                "url": "https://github.com/firephp/firephp-core.git",
                "reference": "2585b6868fe7d3a9d1432b738c3cc547444d0348"
            },
            "dist": {
                "type": "zip",
                "url": "https://api.github.com/repos/firephp/firephp-core/zipball/2585b6868fe7d3a9d1432b738c3cc547444d0348",
                "reference": "2585b6868fe7d3a9d1432b738c3cc547444d0348",
                "shasum": ""
            },
            "require-dev": {
                "phpunit/phpunit": "^8"
            },
            "type": "library",
            "autoload": {
                "files": [
                    "lib/FirePHPCore/fb.php"
                ],
                "classmap": [
                    "lib/FirePHPCore/FirePHP.class.php",
                    "lib/FirePHPCore/FirePHP_TestWrapper.class.php",
                    "lib/FirePHPCore/fb.php"
                ]
            },
            "notification-url": "https://packagist.org/downloads/",
            "license": [
                "MIT"
            ],
            "authors": [
                {
                    "name": "Christoph Dorn",
                    "email": "christoph@christophdorn.com",
                    "homepage": "http://christophdorn.com"
                }
            ],
            "description": "Minimal library for sending PHP variables to browsers.",
            "homepage": "https://github.com/firephp/firephp-core",
            "support": {
                "issues": "https://github.com/firephp/firephp-core/issues",
                "source": "https://github.com/firephp/firephp-core"
            },
            "time": "2020-01-17T18:11:55+00:00"
        },
        {
            "name": "kint-php/kint",
            "version": "4.x-dev",
            "source": {
                "type": "git",
                "url": "https://github.com/kint-php/kint.git",
                "reference": "7601bfd95ccc50a1b903c2764b31d00919e8edd9"
            },
            "dist": {
                "type": "zip",
                "url": "https://api.github.com/repos/kint-php/kint/zipball/7601bfd95ccc50a1b903c2764b31d00919e8edd9",
                "reference": "7601bfd95ccc50a1b903c2764b31d00919e8edd9",
                "shasum": ""
            },
            "require": {
                "php": ">=5.6"
            },
            "require-dev": {
                "friendsofphp/php-cs-fixer": "^3.0",
                "phpspec/prophecy-phpunit": "^2",
                "phpunit/phpunit": "^9.0",
                "seld/phar-utils": "^1.0",
                "symfony/finder": "^3.0 || ^4.0 || ^5.0",
                "vimeo/psalm": "^4.0"
            },
            "suggest": {
                "kint-php/kint-helpers": "Provides extra helper functions",
                "kint-php/kint-twig": "Provides d() and s() functions in twig templates"
            },
            "type": "library",
            "autoload": {
                "files": [
                    "init.php"
                ],
                "psr-4": {
                    "Kint\\": "src/"
                }
            },
            "notification-url": "https://packagist.org/downloads/",
            "license": [
                "MIT"
            ],
            "authors": [
                {
                    "name": "Jonathan Vollebregt",
                    "homepage": "https://github.com/jnvsor"
                },
                {
                    "name": "Contributors",
                    "homepage": "https://github.com/kint-php/kint/graphs/contributors"
                }
            ],
            "description": "Kint - debugging tool for PHP developers",
            "homepage": "https://kint-php.github.io/kint/",
            "keywords": [
                "debug",
                "kint",
                "php"
            ],
            "support": {
                "issues": "https://github.com/kint-php/kint/issues",
                "source": "https://github.com/kint-php/kint/tree/4.2.3"
            },
            "time": "2022-10-01T20:16:33+00:00"
        },
        {
            "name": "mnhcc/ml-bugcatcher",
            "version": "0.9.0",
            "dist": {
                "type": "path",
                "url": "../ml-bugcatcher",
                "reference": "64691dd60d6186c40a7e6f51a9a5c21217f44e47"
            },
            "require": {
                "firephp/firephp-core": "~0.3",
                "kint-php/kint": "^4.0",
                "mnhcc/ml-core": "^0.9",
                "php": ">=5.4"
            },
            "type": "library",
            "autoload": {
                "classmap": [
                    "classes/",
                    "interfaces/",
                    "traits/"
                ]
            },
            "license": [
                "LGPL-2.1-only"
            ],
            "authors": [
                {
                    "name": "Michael Hegenbarth (carschrotter)",
                    "email": "mnh@mn-hegenbarth.de"
                }
            ],
            "description": "Minimalus Layoutilus — error handler, event system and exception classes",
            "transport-options": {
                "relative": true
            }
        },
        {
            "name": "mnhcc/ml-core",
            "version": "0.9.0",
            "dist": {
                "type": "path",
                "url": "../ml-core",
                "reference": "4aab703ee177151a52accea9bc78b3083b38f442"
            },
            "require": {
                "php": ">=5.4"
            },
            "type": "library",
            "autoload": {
                "classmap": [
                    "classes/",
                    "interfaces/",
                    "traits/"
                ]
            },
            "license": [
                "LGPL-2.1-only"
            ],
            "authors": [
                {
                    "name": "Michael Hegenbarth (carschrotter)",
                    "email": "mnh@mn-hegenbarth.de"
                }
            ],
            "description": "Minimalus Layoutilus — core autoloader, base object model, helpers and config",
            "transport-options": {
                "relative": true
            }
        },
        {
            "name": "mnhcc/ml-mvc",
            "version": "0.9.0",
            "dist": {
                "type": "path",
                "url": "../ml-mvc",
                "reference": "f688384ef963c89cc99b655387f8219374ebc8cd"
            },
            "require": {
                "ext-pdo": "*",
                "mnhcc/ml-bugcatcher": "^0.9",
                "mnhcc/ml-core": "^0.9",
                "php": ">=5.4"
            },
            "type": "library",
            "autoload": {
                "classmap": [
                    "classes/",
                    "interfaces/",
                    "traits/"
                ]
            },
            "license": [
                "LGPL-2.1-only"
            ],
            "authors": [
                {
                    "name": "Michael Hegenbarth (carschrotter)",
                    "email": "mnh@mn-hegenbarth.de"
                }
            ],
            "description": "Minimalus Layoutilus — MVC framework (Control, View, Template, Router)",
            "transport-options": {
                "relative": true
            }
        }
    ],
    "packages-dev": [],
    "aliases": [],
    "minimum-stability": "dev",
    "stability-flags": {
        "kint-php/kint": 20
    },
    "prefer-stable": false,
    "prefer-lowest": false,
    "platform": {
        "php": ">=5.4",
        "ext-json": "*",
        "ext-pdo": "*"
    },
    "platform-dev": [],
    "plugin-api-version": "2.2.0"
}
